
Microsoft Visual Studio Solution File, Format Version 12.00
# Visual Studio Version 17
VisualStudioVersion = 17.8.34330.188
MinimumVisualStudioVersion = 10.0.40219.1
Project("{9A19103F-16F7-4668-BE54-9A1E7A4F7556}") = "BirazdanKapindaWeb", "BirazdanKapindaWeb\BirazdanKapindaWeb.csproj", "{EBA9482B-0337-44D0-846E-0E45B63C8F1F}"
EndProject
Project("{FAE04EC0-301F-11D3-BF4B-00C04F79EFBC}") = "BirazdanKapinda.DataAccess", "BirazdanKapinda.DataAccess\BirazdanKapinda.DataAccess.csproj", "{D378C096-693B-4A5D-B782-5CF5522AFC79}"
EndProject
Project("{FAE04EC0-301F-11D3-BF4B-00C04F79EFBC}") = "BirazdanKapinda.Models", "BirazdanKapinda.Models\BirazdanKapinda.Models.csproj", "{C5F15607-2399-4CBE-B70E-C8658126A1DA}"
EndProject
Project("{FAE04EC0-301F-11D3-BF4B-00C04F79EFBC}") = "BirazdanKapinda.Utility", "BirazdanKapinda.Utility\BirazdanKapinda.Utility.csproj", "{7AFA54CE-AF64-4C78-9898-8F0609EEECC2}"
EndProject
Global
	GlobalSection(SolutionConfigurationPlatforms) = preSolution
		Debug|Any CPU = Debug|Any CPU
		Release|Any CPU = Release|Any CPU
	EndGlobalSection
	GlobalSection(ProjectConfigurationPlatforms) = postSolution
		{EBA9482B-0337-44D0-846E-0E45B63C8F1F}.Debug|Any CPU.ActiveCfg = Debug|Any CPU
		{EBA9482B-0337-44D0-846E-0E45B63C8F1F}.Debug|Any CPU.Build.0 = Debug|Any CPU
		{EBA9482B-0337-44D0-846E-0E45B63C8F1F}.Release|Any CPU.ActiveCfg = Release|Any CPU
		{EBA9482B-0337-44D0-846E-0E45B63C8F1F}.Release|Any CPU.Build.0 = Release|Any CPU
		{D378C096-693B-4A5D-B782-5CF5522AFC79}.Debug|Any CPU.ActiveCfg = Debug|Any CPU
		{D378C096-693B-4A5D-B782-5CF5522AFC79}.Debug|Any CPU.Build.0 = Debug|Any CPU
		{D378C096-693B-4A5D-B782-5CF5522AFC79}.Release|Any CPU.ActiveCfg = Release|Any CPU
		{D378C096-693B-4A5D-B782-5CF5522AFC79}.Release|Any CPU.Build.0 = Release|Any CPU
		{C5F15607-2399-4CBE-B70E-C8658126A1DA}.Debug|Any CPU.ActiveCfg = Debug|Any CPU
		{C5F15607-2399-4CBE-B70E-C8658126A1DA}.Debug|Any CPU.Build.0 = Debug|Any CPU
		{C5F15607-2399-4CBE-B70E-C8658126A1DA}.Release|Any CPU.ActiveCfg = Release|Any CPU
		{C5F15607-2399-4CBE-B70E-C8658126A1DA}.Release|Any CPU.Build.0 = Release|Any CPU
		{7AFA54CE-AF64-4C78-9898-8F0609EEECC2}.Debug|Any CPU.ActiveCfg = Debug|Any CPU
		{7AFA54CE-AF64-4C78-9898-8F0609EEECC2}.Debug|Any CPU.Build.0 = Debug|Any CPU
		{7AFA54CE-AF64-4C78-9898-8F0609EEECC2}.Release|Any CPU.ActiveCfg = Release|Any CPU
		{7AFA54CE-AF64-4C78-9898-8F0609EEECC2}.Release|Any CPU.Build.0 = Release|Any CPU
	EndGlobalSection
	GlobalSection(SolutionProperties) = preSolution
		HideSolutionNode = FALSE
	EndGlobalSection
	GlobalSection(ExtensibilityGlobals) = postSolution
		SolutionGuid = {252590AF-D9CE-4AFE-8E21-998B0A69AA41}
	EndGlobalSection
EndGlobal
